
Microsoft Visual Studio Solution File, Format Version 12.00
# Visual Studio Version 17
VisualStudioVersion = 17.10.35013.160
MinimumVisualStudioVersion = 10.0.40219.1
Project("{9A19103F-16F7-4668-BE54-9A1E7A4F7556}") = "ServerMonitoringAndNotificationSystem", "ServerMonitoringAndNotificationSystem\ServerMonitoringAndNotificationSystem.csproj", "{FFC25F23-5BC4-4653-80F4-1FD639ECF08E}"
EndProject
Project("{9A19103F-16F7-4668-BE54-9A1E7A4F7556}") = "MessageProcessingAndAnomalyDetection", "MessageProcessingAndAnomalyDetection\MessageProcessingAndAnomalyDetection.csproj", "{6040714A-3541-433F-8BE4-B02C0F92C369}"
EndProject
Project("{9A19103F-16F7-4668-BE54-9A1E7A4F7556}") = "SignalRServer", "SignalRServer\SignalRServer.csproj", "{44F47685-E888-46E6-901E-400842364A4C}"
EndProject
Project("{9A19103F-16F7-4668-BE54-9A1E7A4F7556}") = "SignalREventConsumerService", "SignalREventConsumerService\SignalREventConsumerService.csproj", "{2E0DA608-BBFE-42FB-A693-DF9F6799640E}"
EndProject
Project("{E53339B2-1760-4266-BCC7-CA923CBCF16C}") = "docker-compose", "docker-compose.dcproj", "{3FDF420E-6A06-498E-9488-E671DB714F74}"
EndProject
Global
	GlobalSection(SolutionConfigurationPlatforms) = preSolution
		Debug|Any CPU = Debug|Any CPU
		Release|Any CPU = Release|Any CPU
	EndGlobalSection
	GlobalSection(ProjectConfigurationPlatforms) = postSolution
		{FFC25F23-5BC4-4653-80F4-1FD639ECF08E}.Debug|Any CPU.ActiveCfg = Debug|Any CPU
		{FFC25F23-5BC4-4653-80F4-1FD639ECF08E}.Debug|Any CPU.Build.0 = Debug|Any CPU
		{FFC25F23-5BC4-4653-80F4-1FD639ECF08E}.Release|Any CPU.ActiveCfg = Release|Any CPU
		{FFC25F23-5BC4-4653-80F4-1FD639ECF08E}.Release|Any CPU.Build.0 = Release|Any CPU
		{6040714A-3541-433F-8BE4-B02C0F92C369}.Debug|Any CPU.ActiveCfg = Debug|Any CPU
		{6040714A-3541-433F-8BE4-B02C0F92C369}.Debug|Any CPU.Build.0 = Debug|Any CPU
		{6040714A-3541-433F-8BE4-B02C0F92C369}.Release|Any CPU.ActiveCfg = Release|Any CPU
		{6040714A-3541-433F-8BE4-B02C0F92C369}.Release|Any CPU.Build.0 = Release|Any CPU
		{44F47685-E888-46E6-901E-400842364A4C}.Debug|Any CPU.ActiveCfg = Debug|Any CPU
		{44F47685-E888-46E6-901E-400842364A4C}.Debug|Any CPU.Build.0 = Debug|Any CPU
		{44F47685-E888-46E6-901E-400842364A4C}.Release|Any CPU.ActiveCfg = Release|Any CPU
		{44F47685-E888-46E6-901E-400842364A4C}.Release|Any CPU.Build.0 = Release|Any CPU
		{2E0DA608-BBFE-42FB-A693-DF9F6799640E}.Debug|Any CPU.ActiveCfg = Debug|Any CPU
		{2E0DA608-BBFE-42FB-A693-DF9F6799640E}.Debug|Any CPU.Build.0 = Debug|Any CPU
		{2E0DA608-BBFE-42FB-A693-DF9F6799640E}.Release|Any CPU.ActiveCfg = Release|Any CPU
		{2E0DA608-BBFE-42FB-A693-DF9F6799640E}.Release|Any CPU.Build.0 = Release|Any CPU
		{3FDF420E-6A06-498E-9488-E671DB714F74}.Debug|Any CPU.ActiveCfg = Debug|Any CPU
		{3FDF420E-6A06-498E-9488-E671DB714F74}.Debug|Any CPU.Build.0 = Debug|Any CPU
		{3FDF420E-6A06-498E-9488-E671DB714F74}.Release|Any CPU.ActiveCfg = Release|Any CPU
		{3FDF420E-6A06-498E-9488-E671DB714F74}.Release|Any CPU.Build.0 = Release|Any CPU
	EndGlobalSection
	GlobalSection(SolutionProperties) = preSolution
		HideSolutionNode = FALSE
	EndGlobalSection
	GlobalSection(ExtensibilityGlobals) = postSolution
		SolutionGuid = {FC2C2635-896C-469E-ADBF-293A9B191792}
	EndGlobalSection
EndGlobal
